{
  "name": "ajs_3_platforms_node",
  "version": "1.0.0",
  "lockfileVersion": 1,
  "requires": true,
  "dependencies": {
    "@aplusiv/ajs_platforms": {
      "version": "1.0.0",
      "resolved": "https://npm.pkg.github.com/download/@aplusiv/ajs_platforms/1.0.0/891865a26d257c8ef5602896cf6ecf502ad5f00377baa2fb1e6eda53b6d0e64b",
      "integrity": "sha512-PGQepcxh1jhD8r6C5kQA72i3CBvqGOjTX1LZsTx2kG2p/19fncc3Y+oIHIa4Z14JBHvgwz6s7u7+HmxKeoZs+g=="
    }
  }
}
